
Microsoft Visual Studio Solution File, Format Version 12.00
# Visual Studio Version 17
VisualStudioVersion = 17.0.32014.148
MinimumVisualStudioVersion = 10.0.40219.1
Project("{2150E333-8FDC-42A3-9474-1A3956D46DE8}") = "Core", "Core", "{D54E378F-90F7-4A57-B8AF-E5FE10B9A3E9}"
EndProject
Project("{2150E333-8FDC-42A3-9474-1A3956D46DE8}") = "Base", "Base", "{88A12EBA-67C8-4EAE-B3AA-1792BFFCB856}"
EndProject
Project("{9A19103F-16F7-4668-BE54-9A1E7A4F7556}") = "DomainBase", "Core\Base\DomainBase\DomainBase.csproj", "{88000C27-A6AC-47ED-A36D-83099A8A14D7}"
EndProject
Project("{9A19103F-16F7-4668-BE54-9A1E7A4F7556}") = "InfrastructureBase", "Core\Base\InfrastructureBase\InfrastructureBase.csproj", "{C3693BBE-AD18-45EB-B786-8B1B69A800EF}"
EndProject
Project("{2150E333-8FDC-42A3-9474-1A3956D46DE8}") = "Remote", "Remote", "{6E87A606-4408-46F7-8011-E0C69470AFF5}"
EndProject
Project("{9A19103F-16F7-4668-BE54-9A1E7A4F7556}") = "IApplicationService", "Core\Remote\IApplicationService\IApplicationService.csproj", "{01ACE318-6D31-4533-A265-CE7DC2816943}"
EndProject
Project("{2150E333-8FDC-42A3-9474-1A3956D46DE8}") = "Services", "Services", "{380C44FE-5BEC-475D-BEFA-D53AEB97B145}"
EndProject
Project("{2150E333-8FDC-42A3-9474-1A3956D46DE8}") = "AccountService", "AccountService", "{EE821984-8F03-47FE-9754-D12548F6660A}"
	ProjectSection(SolutionItems) = preProject
		Services\AccountService\debug.yaml = Services\AccountService\debug.yaml
		Services\AccountService\release.yaml = Services\AccountService\release.yaml
	EndProjectSection
EndProject
Project("{9A19103F-16F7-4668-BE54-9A1E7A4F7556}") = "ApplicationService", "Services\AccountService\ApplicationService\ApplicationService.csproj", "{A9D677DE-EA60-4029-8B10-3F68A888FAEF}"
EndProject
Project("{9A19103F-16F7-4668-BE54-9A1E7A4F7556}") = "Domain", "Services\AccountService\Domain\Domain.csproj", "{A85E6152-1BBD-48B1-82BB-F43B0FC49535}"
EndProject
Project("{9A19103F-16F7-4668-BE54-9A1E7A4F7556}") = "Host", "Services\AccountService\Host\Host.csproj", "{07F0217A-47EC-48D3-8C7B-53790F1A6902}"
EndProject
Project("{9A19103F-16F7-4668-BE54-9A1E7A4F7556}") = "Infrastructure", "Services\AccountService\Infrastructure\Infrastructure.csproj", "{CE2A3688-5384-4398-92F2-CC8A369CC703}"
EndProject
Project("{2150E333-8FDC-42A3-9474-1A3956D46DE8}") = "GoodsService", "GoodsService", "{D2EF5A8B-29D2-4B27-9CC0-E0E32633B3EC}"
EndProject
Project("{9A19103F-16F7-4668-BE54-9A1E7A4F7556}") = "ApplicationService", "Services\GoodsService\ApplicationService\ApplicationService.csproj", "{69EC65A5-CB3D-4179-B8DF-AC7B610F4D7F}"
EndProject
Project("{9A19103F-16F7-4668-BE54-9A1E7A4F7556}") = "Domain", "Services\GoodsService\Domain\Domain.csproj", "{BAC0C5BF-DE2C-4310-93A3-1E6E5A8B52EE}"
EndProject
Project("{9A19103F-16F7-4668-BE54-9A1E7A4F7556}") = "Host", "Services\GoodsService\Host\Host.csproj", "{D1F3417F-6E34-4DC1-A469-0412571FD2F6}"
EndProject
Project("{9A19103F-16F7-4668-BE54-9A1E7A4F7556}") = "Infrastructure", "Services\GoodsService\Infrastructure\Infrastructure.csproj", "{3660D9FA-E164-495C-BCF3-72AC36D49B93}"
EndProject
Project("{2150E333-8FDC-42A3-9474-1A3956D46DE8}") = "TradeService", "TradeService", "{564877A1-7476-427E-87AF-10062BAAA835}"
EndProject
Project("{9A19103F-16F7-4668-BE54-9A1E7A4F7556}") = "ApplicationService", "Services\TradeService\ApplicationService\ApplicationService.csproj", "{8C2BEC2D-48B3-4980-8AB1-A6894E40FB95}"
EndProject
Project("{9A19103F-16F7-4668-BE54-9A1E7A4F7556}") = "Domain", "Services\TradeService\Domain\Domain.csproj", "{21B41AA9-1CDD-4F4B-AD0F-7DA360912F40}"
EndProject
Project("{9A19103F-16F7-4668-BE54-9A1E7A4F7556}") = "Host", "Services\TradeService\Host\Host.csproj", "{4BF626D3-862E-4360-A416-A84C5CC2B060}"
EndProject
Project("{9A19103F-16F7-4668-BE54-9A1E7A4F7556}") = "Infrastructure", "Services\TradeService\Infrastructure\Infrastructure.csproj", "{3A2F66E3-F693-4374-926A-BC3DF4ED04E9}"
EndProject
Project("{2150E333-8FDC-42A3-9474-1A3956D46DE8}") = "PublicService", "PublicService", "{C95497DF-8323-426B-B2D3-9291A58EF132}"
EndProject
Project("{9A19103F-16F7-4668-BE54-9A1E7A4F7556}") = "ApplicationService", "Services\PublicService\ApplicationService\ApplicationService.csproj", "{659324B0-38BD-4EB1-BCE8-BB9DCE5A8D3C}"
EndProject
Project("{9A19103F-16F7-4668-BE54-9A1E7A4F7556}") = "Domain", "Services\PublicService\Domain\Domain.csproj", "{CFA9A69C-76C6-4642-B417-4477BD202BF2}"
EndProject
Project("{9A19103F-16F7-4668-BE54-9A1E7A4F7556}") = "Host", "Services\PublicService\Host\Host.csproj", "{3E07D318-CEB6-4998-9222-763A05EFF9C3}"
EndProject
Project("{9A19103F-16F7-4668-BE54-9A1E7A4F7556}") = "Infrastructure", "Services\PublicService\Infrastructure\Infrastructure.csproj", "{13B4E867-8590-4C8B-B77C-DD8306A70FEB}"
EndProject
Project("{9A19103F-16F7-4668-BE54-9A1E7A4F7556}") = "OauthService", "Services\OauthService\OauthService.csproj", "{EDE9FBB0-601B-45CE-8AC5-900D6E48C0D8}"
EndProject
Project("{2150E333-8FDC-42A3-9474-1A3956D46DE8}") = "ApiDocument", "ApiDocument", "{D79BE7A1-C434-4F74-884A-48D30BD45ED7}"
EndProject
Project("{9A19103F-16F7-4668-BE54-9A1E7A4F7556}") = "ApiSourceGenerator", "Services\ApiDocument\ApiSourceGenerator\ApiSourceGenerator.csproj", "{AA7DAF02-47C6-4E38-898A-C4F13F4F2954}"
EndProject
Project("{9A19103F-16F7-4668-BE54-9A1E7A4F7556}") = "ApiDocument", "Services\ApiDocument\ApiDocument\ApiDocument.csproj", "{DC561131-B34A-4F38-9945-8AE33A20E574}"
EndProject
Project("{2150E333-8FDC-42A3-9474-1A3956D46DE8}") = "Deploy", "Deploy", "{74F3AB29-A44A-4877-87D3-8B41FBBE6679}"
	ProjectSection(SolutionItems) = preProject
		Deploy\Basic-part.yaml = Deploy\Basic-part.yaml
		Deploy\Basic.yaml = Deploy\Basic.yaml
		Dockerfile = Dockerfile
		Dockerfile-acc = Dockerfile-acc
		Dockerfile-all = Dockerfile-all
		Dockerfile-goo = Dockerfile-goo
		mysql-endpoints.yaml = mysql-endpoints.yaml
		Deploy\RunBasic.bat = Deploy\RunBasic.bat
	EndProjectSection
EndProject
Project("{2150E333-8FDC-42A3-9474-1A3956D46DE8}") = "GateWayConf", "GateWayConf", "{E9EEC28D-950E-4823-B797-13C9ED38A6B7}"
	ProjectSection(SolutionItems) = preProject
		Deploy\GateWayConf\default.conf = Deploy\GateWayConf\default.conf
		Deploy\GateWayConf\Dockerfile = Deploy\GateWayConf\Dockerfile
		Deploy\GateWayConf\nginx.conf = Deploy\GateWayConf\nginx.conf
	EndProjectSection
EndProject
Project("{2150E333-8FDC-42A3-9474-1A3956D46DE8}") = "istio", "istio", "{B77170CA-264B-4368-8A9B-D645E4ECEEA4}"
	ProjectSection(SolutionItems) = preProject
		Deploy\istio\gateway.yaml = Deploy\istio\gateway.yaml
	EndProjectSection
EndProject
Project("{2150E333-8FDC-42A3-9474-1A3956D46DE8}") = "middleware", "middleware", "{CAAAAA66-CED2-4C12-8484-A15609A58A79}"
	ProjectSection(SolutionItems) = preProject
		Deploy\middleware\autoscale.yaml = Deploy\middleware\autoscale.yaml
		Deploy\middleware\binding.yaml = Deploy\middleware\binding.yaml
		Deploy\middleware\oauth.yaml = Deploy\middleware\oauth.yaml
		Deploy\middleware\ratelimit.yaml = Deploy\middleware\ratelimit.yaml
		Deploy\middleware\sentinel.yaml = Deploy\middleware\sentinel.yaml
	EndProjectSection
EndProject
Project("{2150E333-8FDC-42A3-9474-1A3956D46DE8}") = "Git", "Git", "{381F3CE1-FEAB-4138-8FC7-5C81DF6EAF53}"
	ProjectSection(SolutionItems) = preProject
		.gitignore = .gitignore
		Readme.md = Readme.md
	EndProjectSection
EndProject
Project("{2150E333-8FDC-42A3-9474-1A3956D46DE8}") = "Release", "Release", "{64020995-361E-4002-A06F-EFC13D227565}"
	ProjectSection(SolutionItems) = preProject
		Deploy\Release\BuildFrontendImages.bat = Deploy\Release\BuildFrontendImages.bat
		Deploy\Release\BuildServiceImage-part.bat = Deploy\Release\BuildServiceImage-part.bat
		Deploy\Release\BuildServiceImage.bat = Deploy\Release\BuildServiceImage.bat
		Deploy\Release\Deploy-part.bat = Deploy\Release\Deploy-part.bat
		Deploy\Release\Deploy-part.yaml = Deploy\Release\Deploy-part.yaml
		Deploy\Release\Deploy-tradeservice.yaml = Deploy\Release\Deploy-tradeservice.yaml
		Deploy\Release\Deploy.bat = Deploy\Release\Deploy.bat
		Deploy\Release\Deploy.yaml = Deploy\Release\Deploy.yaml
		Deploy\Release\DeployCleanData.bat = Deploy\Release\DeployCleanData.bat
		Deploy\Release\ingress-nginx.yaml = Deploy\Release\ingress-nginx.yaml
		Deploy\Release\Stop.bat = Deploy\Release\Stop.bat
	EndProjectSection
EndProject
Project("{2150E333-8FDC-42A3-9474-1A3956D46DE8}") = "Cache", "Cache", "{4F946192-D06C-47FC-AE08-B69A7BB29EC9}"
EndProject
Project("{2150E333-8FDC-42A3-9474-1A3956D46DE8}") = "PurchaseService", "PurchaseService", "{AA9D8E23-6517-4D90-8C2D-D0C297D373D2}"
EndProject
Project("{2150E333-8FDC-42A3-9474-1A3956D46DE8}") = "WareHouseService", "WareHouseService", "{16636C80-B001-4B52-9DD6-89749239AAD8}"
EndProject
Project("{2150E333-8FDC-42A3-9474-1A3956D46DE8}") = "VisitService", "VisitService", "{89ABB6BC-8225-49E7-8C4C-F76FA577EAC0}"
EndProject
Project("{2150E333-8FDC-42A3-9474-1A3956D46DE8}") = "FinanceService", "FinanceService", "{B45F62EB-BA96-4820-BAF4-FBE228BD0CEF}"
EndProject
Project("{9A19103F-16F7-4668-BE54-9A1E7A4F7556}") = "MultilevelCache", "Cache\MultilevelCache.csproj", "{72E3CE61-EFC5-4EF5-ADCF-179E812BF056}"
EndProject
Project("{2150E333-8FDC-42A3-9474-1A3956D46DE8}") = "DTP", "DTP", "{B3630F25-0A0B-468A-BF6B-A40608223C3C}"
EndProject
Project("{9A19103F-16F7-4668-BE54-9A1E7A4F7556}") = "DTPDapr", "DTPDapr\DTPDapr\DTPDapr.csproj", "{F1A2DB4A-7988-4DA5-B8EA-443E805079D2}"
EndProject
Project("{9A19103F-16F7-4668-BE54-9A1E7A4F7556}") = "DTPDapr.PubSub.Dapr", "DTPDapr\DTPDapr.PubSub.Dapr\DTPDapr.PubSub.Dapr.csproj", "{97ABFC0A-9AF9-4692-8D54-19B652EDF92E}"
EndProject
Project("{9A19103F-16F7-4668-BE54-9A1E7A4F7556}") = "DTPDapr.PubSub.Rabbitmq", "DTPDapr\DTPDapr.PubSub.Rabbitmq\DTPDapr.PubSub.Rabbitmq.csproj", "{BC99CDC8-285E-4252-A86A-2F682A3AEC94}"
EndProject
Project("{9A19103F-16F7-4668-BE54-9A1E7A4F7556}") = "DTPDapr.Store.Dapr", "DTPDapr\DTPDapr.Store.Dapr\DTPDapr.Store.Dapr.csproj", "{E9DE26C7-A6AC-4BB5-8A14-C44C6BA30F6E}"
EndProject
Project("{9A19103F-16F7-4668-BE54-9A1E7A4F7556}") = "DTPDapr.Store.Redis", "DTPDapr\DTPDapr.Store.Redis\DTPDapr.Store.Redis.csproj", "{4E4CEFE0-5DFF-44BC-AC27-485A9D4D207C}"
EndProject
Project("{2150E333-8FDC-42A3-9474-1A3956D46DE8}") = "RPC", "RPC", "{598E77ED-C427-4432-BE8B-18D312240B96}"
EndProject
Project("{9A19103F-16F7-4668-BE54-9A1E7A4F7556}") = "RPCDapr.Client.ServerProxyFactory", "RPCDapr\RPCDapr.Client.ServerProxyFactory\RPCDapr.Client.ServerProxyFactory.csproj", "{C6865217-53DD-4115-B779-0C0CC3E75F36}"
EndProject
Project("{9A19103F-16F7-4668-BE54-9A1E7A4F7556}") = "RPCDapr.Client.ServerSymbol", "RPCDapr\RPCDapr.Client.ServerSymbol\RPCDapr.Client.ServerSymbol.csproj", "{BCB5B5A4-E23C-415F-8C38-2F5D04A2A8B4}"
EndProject
Project("{9A19103F-16F7-4668-BE54-9A1E7A4F7556}") = "RPCDapr.Common", "RPCDapr\RPCDapr.Common\RPCDapr.Common.csproj", "{FF62819C-4444-429D-93C5-D7F0CE771976}"
EndProject
Project("{9A19103F-16F7-4668-BE54-9A1E7A4F7556}") = "RPCDapr.IocModule", "RPCDapr\RPCDapr.IocModule\RPCDapr.IocModule.csproj", "{5EDA7931-3828-47C0-A486-CAE63434839C}"
EndProject
Project("{9A19103F-16F7-4668-BE54-9A1E7A4F7556}") = "RPCDapr.Mesh.Dapr", "RPCDapr\RPCDapr.Mesh.Dapr\RPCDapr.Mesh.Dapr.csproj", "{B0EFFF31-9C21-4364-965D-D0529FF4A32A}"
EndProject
Project("{9A19103F-16F7-4668-BE54-9A1E7A4F7556}") = "RPCDapr.ProxyGenerator", "RPCDapr\RPCDapr.ProxyGenerator\RPCDapr.ProxyGenerator.csproj", "{CFAE4374-5F5E-4F2A-8013-A5CD39DAA52F}"
EndProject
Project("{9A19103F-16F7-4668-BE54-9A1E7A4F7556}") = "RPCDapr.Server.Kestrel", "RPCDapr\RPCDapr.Server.Kestrel\RPCDapr.Server.Kestrel.csproj", "{F061792A-2E03-4780-BE45-D7E2B07EFB99}"
EndProject
Project("{9A19103F-16F7-4668-BE54-9A1E7A4F7556}") = "ScheduleService", "Services\ScheduleService\ScheduleService.csproj", "{282050A4-E835-4AF7-8FFA-0655606D89C6}"
EndProject
Project("{9A19103F-16F7-4668-BE54-9A1E7A4F7556}") = "MediaService", "Services\MediaService\MediaService.csproj", "{15AEB3B7-DE12-4922-8957-CE0B66103083}"
EndProject
Project("{9A19103F-16F7-4668-BE54-9A1E7A4F7556}") = "GoodsActorProxyGenerator", "Services\GoodsService\GoodsActorProxyGenerator\GoodsActorProxyGenerator.csproj", "{D4602F12-ED5E-4005-AD22-602877B075A6}"
EndProject
Global
	GlobalSection(SolutionConfigurationPlatforms) = preSolution
		Debug|Any CPU = Debug|Any CPU
		Release|Any CPU = Release|Any CPU
	EndGlobalSection
	GlobalSection(ProjectConfigurationPlatforms) = postSolution
		{88000C27-A6AC-47ED-A36D-83099A8A14D7}.Debug|Any CPU.ActiveCfg = Debug|Any CPU
		{88000C27-A6AC-47ED-A36D-83099A8A14D7}.Debug|Any CPU.Build.0 = Debug|Any CPU
		{88000C27-A6AC-47ED-A36D-83099A8A14D7}.Release|Any CPU.ActiveCfg = Release|Any CPU
		{88000C27-A6AC-47ED-A36D-83099A8A14D7}.Release|Any CPU.Build.0 = Release|Any CPU
		{C3693BBE-AD18-45EB-B786-8B1B69A800EF}.Debug|Any CPU.ActiveCfg = Debug|Any CPU
		{C3693BBE-AD18-45EB-B786-8B1B69A800EF}.Debug|Any CPU.Build.0 = Debug|Any CPU
		{C3693BBE-AD18-45EB-B786-8B1B69A800EF}.Release|Any CPU.ActiveCfg = Release|Any CPU
		{C3693BBE-AD18-45EB-B786-8B1B69A800EF}.Release|Any CPU.Build.0 = Release|Any CPU
		{01ACE318-6D31-4533-A265-CE7DC2816943}.Debug|Any CPU.ActiveCfg = Debug|Any CPU
		{01ACE318-6D31-4533-A265-CE7DC2816943}.Debug|Any CPU.Build.0 = Debug|Any CPU
		{01ACE318-6D31-4533-A265-CE7DC2816943}.Release|Any CPU.ActiveCfg = Release|Any CPU
		{01ACE318-6D31-4533-A265-CE7DC2816943}.Release|Any CPU.Build.0 = Release|Any CPU
		{A9D677DE-EA60-4029-8B10-3F68A888FAEF}.Debug|Any CPU.ActiveCfg = Debug|Any CPU
		{A9D677DE-EA60-4029-8B10-3F68A888FAEF}.Debug|Any CPU.Build.0 = Debug|Any CPU
		{A9D677DE-EA60-4029-8B10-3F68A888FAEF}.Release|Any CPU.ActiveCfg = Release|Any CPU
		{A9D677DE-EA60-4029-8B10-3F68A888FAEF}.Release|Any CPU.Build.0 = Release|Any CPU
		{A85E6152-1BBD-48B1-82BB-F43B0FC49535}.Debug|Any CPU.ActiveCfg = Debug|Any CPU
		{A85E6152-1BBD-48B1-82BB-F43B0FC49535}.Debug|Any CPU.Build.0 = Debug|Any CPU
		{A85E6152-1BBD-48B1-82BB-F43B0FC49535}.Release|Any CPU.ActiveCfg = Release|Any CPU
		{A85E6152-1BBD-48B1-82BB-F43B0FC49535}.Release|Any CPU.Build.0 = Release|Any CPU
		{07F0217A-47EC-48D3-8C7B-53790F1A6902}.Debug|Any CPU.ActiveCfg = Debug|Any CPU
		{07F0217A-47EC-48D3-8C7B-53790F1A6902}.Debug|Any CPU.Build.0 = Debug|Any CPU
		{07F0217A-47EC-48D3-8C7B-53790F1A6902}.Release|Any CPU.ActiveCfg = Release|Any CPU
		{07F0217A-47EC-48D3-8C7B-53790F1A6902}.Release|Any CPU.Build.0 = Release|Any CPU
		{CE2A3688-5384-4398-92F2-CC8A369CC703}.Debug|Any CPU.ActiveCfg = Debug|Any CPU
		{CE2A3688-5384-4398-92F2-CC8A369CC703}.Debug|Any CPU.Build.0 = Debug|Any CPU
		{CE2A3688-5384-4398-92F2-CC8A369CC703}.Release|Any CPU.ActiveCfg = Release|Any CPU
		{CE2A3688-5384-4398-92F2-CC8A369CC703}.Release|Any CPU.Build.0 = Release|Any CPU
		{69EC65A5-CB3D-4179-B8DF-AC7B610F4D7F}.Debug|Any CPU.ActiveCfg = Debug|Any CPU
		{69EC65A5-CB3D-4179-B8DF-AC7B610F4D7F}.Debug|Any CPU.Build.0 = Debug|Any CPU
		{69EC65A5-CB3D-4179-B8DF-AC7B610F4D7F}.Release|Any CPU.ActiveCfg = Release|Any CPU
		{69EC65A5-CB3D-4179-B8DF-AC7B610F4D7F}.Release|Any CPU.Build.0 = Release|Any CPU
		{BAC0C5BF-DE2C-4310-93A3-1E6E5A8B52EE}.Debug|Any CPU.ActiveCfg = Debug|Any CPU
		{BAC0C5BF-DE2C-4310-93A3-1E6E5A8B52EE}.Debug|Any CPU.Build.0 = Debug|Any CPU
		{BAC0C5BF-DE2C-4310-93A3-1E6E5A8B52EE}.Release|Any CPU.ActiveCfg = Release|Any CPU
		{BAC0C5BF-DE2C-4310-93A3-1E6E5A8B52EE}.Release|Any CPU.Build.0 = Release|Any CPU
		{D1F3417F-6E34-4DC1-A469-0412571FD2F6}.Debug|Any CPU.ActiveCfg = Debug|Any CPU
		{D1F3417F-6E34-4DC1-A469-0412571FD2F6}.Debug|Any CPU.Build.0 = Debug|Any CPU
		{D1F3417F-6E34-4DC1-A469-0412571FD2F6}.Release|Any CPU.ActiveCfg = Release|Any CPU
		{D1F3417F-6E34-4DC1-A469-0412571FD2F6}.Release|Any CPU.Build.0 = Release|Any CPU
		{3660D9FA-E164-495C-BCF3-72AC36D49B93}.Debug|Any CPU.ActiveCfg = Debug|Any CPU
		{3660D9FA-E164-495C-BCF3-72AC36D49B93}.Debug|Any CPU.Build.0 = Debug|Any CPU
		{3660D9FA-E164-495C-BCF3-72AC36D49B93}.Release|Any CPU.ActiveCfg = Release|Any CPU
		{3660D9FA-E164-495C-BCF3-72AC36D49B93}.Release|Any CPU.Build.0 = Release|Any CPU
		{8C2BEC2D-48B3-4980-8AB1-A6894E40FB95}.Debug|Any CPU.ActiveCfg = Debug|Any CPU
		{8C2BEC2D-48B3-4980-8AB1-A6894E40FB95}.Debug|Any CPU.Build.0 = Debug|Any CPU
		{8C2BEC2D-48B3-4980-8AB1-A6894E40FB95}.Release|Any CPU.ActiveCfg = Release|Any CPU
		{8C2BEC2D-48B3-4980-8AB1-A6894E40FB95}.Release|Any CPU.Build.0 = Release|Any CPU
		{21B41AA9-1CDD-4F4B-AD0F-7DA360912F40}.Debug|Any CPU.ActiveCfg = Debug|Any CPU
		{21B41AA9-1CDD-4F4B-AD0F-7DA360912F40}.Debug|Any CPU.Build.0 = Debug|Any CPU
		{21B41AA9-1CDD-4F4B-AD0F-7DA360912F40}.Release|Any CPU.ActiveCfg = Release|Any CPU
		{21B41AA9-1CDD-4F4B-AD0F-7DA360912F40}.Release|Any CPU.Build.0 = Release|Any CPU
		{4BF626D3-862E-4360-A416-A84C5CC2B060}.Debug|Any CPU.ActiveCfg = Debug|Any CPU
		{4BF626D3-862E-4360-A416-A84C5CC2B060}.Debug|Any CPU.Build.0 = Debug|Any CPU
		{4BF626D3-862E-4360-A416-A84C5CC2B060}.Release|Any CPU.ActiveCfg = Release|Any CPU
		{4BF626D3-862E-4360-A416-A84C5CC2B060}.Release|Any CPU.Build.0 = Release|Any CPU
		{3A2F66E3-F693-4374-926A-BC3DF4ED04E9}.Debug|Any CPU.ActiveCfg = Debug|Any CPU
		{3A2F66E3-F693-4374-926A-BC3DF4ED04E9}.Debug|Any CPU.Build.0 = Debug|Any CPU
		{3A2F66E3-F693-4374-926A-BC3DF4ED04E9}.Release|Any CPU.ActiveCfg = Release|Any CPU
		{3A2F66E3-F693-4374-926A-BC3DF4ED04E9}.Release|Any CPU.Build.0 = Release|Any CPU
		{659324B0-38BD-4EB1-BCE8-BB9DCE5A8D3C}.Debug|Any CPU.ActiveCfg = Debug|Any CPU
		{659324B0-38BD-4EB1-BCE8-BB9DCE5A8D3C}.Debug|Any CPU.Build.0 = Debug|Any CPU
		{659324B0-38BD-4EB1-BCE8-BB9DCE5A8D3C}.Release|Any CPU.ActiveCfg = Release|Any CPU
		{659324B0-38BD-4EB1-BCE8-BB9DCE5A8D3C}.Release|Any CPU.Build.0 = Release|Any CPU
		{CFA9A69C-76C6-4642-B417-4477BD202BF2}.Debug|Any CPU.ActiveCfg = Debug|Any CPU
		{CFA9A69C-76C6-4642-B417-4477BD202BF2}.Debug|Any CPU.Build.0 = Debug|Any CPU
		{CFA9A69C-76C6-4642-B417-4477BD202BF2}.Release|Any CPU.ActiveCfg = Release|Any CPU
		{CFA9A69C-76C6-4642-B417-4477BD202BF2}.Release|Any CPU.Build.0 = Release|Any CPU
		{3E07D318-CEB6-4998-9222-763A05EFF9C3}.Debug|Any CPU.ActiveCfg = Debug|Any CPU
		{3E07D318-CEB6-4998-9222-763A05EFF9C3}.Debug|Any CPU.Build.0 = Debug|Any CPU
		{3E07D318-CEB6-4998-9222-763A05EFF9C3}.Release|Any CPU.ActiveCfg = Release|Any CPU
		{3E07D318-CEB6-4998-9222-763A05EFF9C3}.Release|Any CPU.Build.0 = Release|Any CPU
		{13B4E867-8590-4C8B-B77C-DD8306A70FEB}.Debug|Any CPU.ActiveCfg = Debug|Any CPU
		{13B4E867-8590-4C8B-B77C-DD8306A70FEB}.Debug|Any CPU.Build.0 = Debug|Any CPU
		{13B4E867-8590-4C8B-B77C-DD8306A70FEB}.Release|Any CPU.ActiveCfg = Release|Any CPU
		{13B4E867-8590-4C8B-B77C-DD8306A70FEB}.Release|Any CPU.Build.0 = Release|Any CPU
		{EDE9FBB0-601B-45CE-8AC5-900D6E48C0D8}.Debug|Any CPU.ActiveCfg = Debug|Any CPU
		{EDE9FBB0-601B-45CE-8AC5-900D6E48C0D8}.Debug|Any CPU.Build.0 = Debug|Any CPU
		{EDE9FBB0-601B-45CE-8AC5-900D6E48C0D8}.Release|Any CPU.ActiveCfg = Release|Any CPU
		{EDE9FBB0-601B-45CE-8AC5-900D6E48C0D8}.Release|Any CPU.Build.0 = Release|Any CPU
		{AA7DAF02-47C6-4E38-898A-C4F13F4F2954}.Debug|Any CPU.ActiveCfg = Debug|Any CPU
		{AA7DAF02-47C6-4E38-898A-C4F13F4F2954}.Debug|Any CPU.Build.0 = Debug|Any CPU
		{AA7DAF02-47C6-4E38-898A-C4F13F4F2954}.Release|Any CPU.ActiveCfg = Release|Any CPU
		{AA7DAF02-47C6-4E38-898A-C4F13F4F2954}.Release|Any CPU.Build.0 = Release|Any CPU
		{DC561131-B34A-4F38-9945-8AE33A20E574}.Debug|Any CPU.ActiveCfg = Debug|Any CPU
		{DC561131-B34A-4F38-9945-8AE33A20E574}.Debug|Any CPU.Build.0 = Debug|Any CPU
		{DC561131-B34A-4F38-9945-8AE33A20E574}.Release|Any CPU.ActiveCfg = Release|Any CPU
		{DC561131-B34A-4F38-9945-8AE33A20E574}.Release|Any CPU.Build.0 = Release|Any CPU
		{72E3CE61-EFC5-4EF5-ADCF-179E812BF056}.Debug|Any CPU.ActiveCfg = Debug|Any CPU
		{72E3CE61-EFC5-4EF5-ADCF-179E812BF056}.Debug|Any CPU.Build.0 = Debug|Any CPU
		{72E3CE61-EFC5-4EF5-ADCF-179E812BF056}.Release|Any CPU.ActiveCfg = Release|Any CPU
		{72E3CE61-EFC5-4EF5-ADCF-179E812BF056}.Release|Any CPU.Build.0 = Release|Any CPU
		{F1A2DB4A-7988-4DA5-B8EA-443E805079D2}.Debug|Any CPU.ActiveCfg = Debug|Any CPU
		{F1A2DB4A-7988-4DA5-B8EA-443E805079D2}.Debug|Any CPU.Build.0 = Debug|Any CPU
		{F1A2DB4A-7988-4DA5-B8EA-443E805079D2}.Release|Any CPU.ActiveCfg = Release|Any CPU
		{F1A2DB4A-7988-4DA5-B8EA-443E805079D2}.Release|Any CPU.Build.0 = Release|Any CPU
		{97ABFC0A-9AF9-4692-8D54-19B652EDF92E}.Debug|Any CPU.ActiveCfg = Debug|Any CPU
		{97ABFC0A-9AF9-4692-8D54-19B652EDF92E}.Debug|Any CPU.Build.0 = Debug|Any CPU
		{97ABFC0A-9AF9-4692-8D54-19B652EDF92E}.Release|Any CPU.ActiveCfg = Release|Any CPU
		{97ABFC0A-9AF9-4692-8D54-19B652EDF92E}.Release|Any CPU.Build.0 = Release|Any CPU
		{BC99CDC8-285E-4252-A86A-2F682A3AEC94}.Debug|Any CPU.ActiveCfg = Debug|Any CPU
		{BC99CDC8-285E-4252-A86A-2F682A3AEC94}.Debug|Any CPU.Build.0 = Debug|Any CPU
		{BC99CDC8-285E-4252-A86A-2F682A3AEC94}.Release|Any CPU.ActiveCfg = Release|Any CPU
		{BC99CDC8-285E-4252-A86A-2F682A3AEC94}.Release|Any CPU.Build.0 = Release|Any CPU
		{E9DE26C7-A6AC-4BB5-8A14-C44C6BA30F6E}.Debug|Any CPU.ActiveCfg = Debug|Any CPU
		{E9DE26C7-A6AC-4BB5-8A14-C44C6BA30F6E}.Debug|Any CPU.Build.0 = Debug|Any CPU
		{E9DE26C7-A6AC-4BB5-8A14-C44C6BA30F6E}.Release|Any CPU.ActiveCfg = Release|Any CPU
		{E9DE26C7-A6AC-4BB5-8A14-C44C6BA30F6E}.Release|Any CPU.Build.0 = Release|Any CPU
		{4E4CEFE0-5DFF-44BC-AC27-485A9D4D207C}.Debug|Any CPU.ActiveCfg = Debug|Any CPU
		{4E4CEFE0-5DFF-44BC-AC27-485A9D4D207C}.Debug|Any CPU.Build.0 = Debug|Any CPU
		{4E4CEFE0-5DFF-44BC-AC27-485A9D4D207C}.Release|Any CPU.ActiveCfg = Release|Any CPU
		{4E4CEFE0-5DFF-44BC-AC27-485A9D4D207C}.Release|Any CPU.Build.0 = Release|Any CPU
		{C6865217-53DD-4115-B779-0C0CC3E75F36}.Debug|Any CPU.ActiveCfg = Debug|Any CPU
		{C6865217-53DD-4115-B779-0C0CC3E75F36}.Debug|Any CPU.Build.0 = Debug|Any CPU
		{C6865217-53DD-4115-B779-0C0CC3E75F36}.Release|Any CPU.ActiveCfg = Release|Any CPU
		{C6865217-53DD-4115-B779-0C0CC3E75F36}.Release|Any CPU.Build.0 = Release|Any CPU
		{BCB5B5A4-E23C-415F-8C38-2F5D04A2A8B4}.Debug|Any CPU.ActiveCfg = Debug|Any CPU
		{BCB5B5A4-E23C-415F-8C38-2F5D04A2A8B4}.Debug|Any CPU.Build.0 = Debug|Any CPU
		{BCB5B5A4-E23C-415F-8C38-2F5D04A2A8B4}.Release|Any CPU.ActiveCfg = Release|Any CPU
		{BCB5B5A4-E23C-415F-8C38-2F5D04A2A8B4}.Release|Any CPU.Build.0 = Release|Any CPU
		{FF62819C-4444-429D-93C5-D7F0CE771976}.Debug|Any CPU.ActiveCfg = Debug|Any CPU
		{FF62819C-4444-429D-93C5-D7F0CE771976}.Debug|Any CPU.Build.0 = Debug|Any CPU
		{FF62819C-4444-429D-93C5-D7F0CE771976}.Release|Any CPU.ActiveCfg = Release|Any CPU
		{FF62819C-4444-429D-93C5-D7F0CE771976}.Release|Any CPU.Build.0 = Release|Any CPU
		{5EDA7931-3828-47C0-A486-CAE63434839C}.Debug|Any CPU.ActiveCfg = Debug|Any CPU
		{5EDA7931-3828-47C0-A486-CAE63434839C}.Debug|Any CPU.Build.0 = Debug|Any CPU
		{5EDA7931-3828-47C0-A486-CAE63434839C}.Release|Any CPU.ActiveCfg = Release|Any CPU
		{5EDA7931-3828-47C0-A486-CAE63434839C}.Release|Any CPU.Build.0 = Release|Any CPU
		{B0EFFF31-9C21-4364-965D-D0529FF4A32A}.Debug|Any CPU.ActiveCfg = Debug|Any CPU
		{B0EFFF31-9C21-4364-965D-D0529FF4A32A}.Debug|Any CPU.Build.0 = Debug|Any CPU
		{B0EFFF31-9C21-4364-965D-D0529FF4A32A}.Release|Any CPU.ActiveCfg = Release|Any CPU
		{B0EFFF31-9C21-4364-965D-D0529FF4A32A}.Release|Any CPU.Build.0 = Release|Any CPU
		{CFAE4374-5F5E-4F2A-8013-A5CD39DAA52F}.Debug|Any CPU.ActiveCfg = Debug|Any CPU
		{CFAE4374-5F5E-4F2A-8013-A5CD39DAA52F}.Debug|Any CPU.Build.0 = Debug|Any CPU
		{CFAE4374-5F5E-4F2A-8013-A5CD39DAA52F}.Release|Any CPU.ActiveCfg = Release|Any CPU
		{CFAE4374-5F5E-4F2A-8013-A5CD39DAA52F}.Release|Any CPU.Build.0 = Release|Any CPU
		{F061792A-2E03-4780-BE45-D7E2B07EFB99}.Debug|Any CPU.ActiveCfg = Debug|Any CPU
		{F061792A-2E03-4780-BE45-D7E2B07EFB99}.Debug|Any CPU.Build.0 = Debug|Any CPU
		{F061792A-2E03-4780-BE45-D7E2B07EFB99}.Release|Any CPU.ActiveCfg = Release|Any CPU
		{F061792A-2E03-4780-BE45-D7E2B07EFB99}.Release|Any CPU.Build.0 = Release|Any CPU
		{282050A4-E835-4AF7-8FFA-0655606D89C6}.Debug|Any CPU.ActiveCfg = Debug|Any CPU
		{282050A4-E835-4AF7-8FFA-0655606D89C6}.Debug|Any CPU.Build.0 = Debug|Any CPU
		{282050A4-E835-4AF7-8FFA-0655606D89C6}.Release|Any CPU.ActiveCfg = Release|Any CPU
		{282050A4-E835-4AF7-8FFA-0655606D89C6}.Release|Any CPU.Build.0 = Release|Any CPU
		{15AEB3B7-DE12-4922-8957-CE0B66103083}.Debug|Any CPU.ActiveCfg = Debug|Any CPU
		{15AEB3B7-DE12-4922-8957-CE0B66103083}.Debug|Any CPU.Build.0 = Debug|Any CPU
		{15AEB3B7-DE12-4922-8957-CE0B66103083}.Release|Any CPU.ActiveCfg = Release|Any CPU
		{15AEB3B7-DE12-4922-8957-CE0B66103083}.Release|Any CPU.Build.0 = Release|Any CPU
		{D4602F12-ED5E-4005-AD22-602877B075A6}.Debug|Any CPU.ActiveCfg = Debug|Any CPU
		{D4602F12-ED5E-4005-AD22-602877B075A6}.Debug|Any CPU.Build.0 = Debug|Any CPU
		{D4602F12-ED5E-4005-AD22-602877B075A6}.Release|Any CPU.ActiveCfg = Release|Any CPU
		{D4602F12-ED5E-4005-AD22-602877B075A6}.Release|Any CPU.Build.0 = Release|Any CPU
	EndGlobalSection
	GlobalSection(SolutionProperties) = preSolution
		HideSolutionNode = FALSE
	EndGlobalSection
	GlobalSection(NestedProjects) = preSolution
		{88A12EBA-67C8-4EAE-B3AA-1792BFFCB856} = {D54E378F-90F7-4A57-B8AF-E5FE10B9A3E9}
		{88000C27-A6AC-47ED-A36D-83099A8A14D7} = {88A12EBA-67C8-4EAE-B3AA-1792BFFCB856}
		{C3693BBE-AD18-45EB-B786-8B1B69A800EF} = {88A12EBA-67C8-4EAE-B3AA-1792BFFCB856}
		{6E87A606-4408-46F7-8011-E0C69470AFF5} = {D54E378F-90F7-4A57-B8AF-E5FE10B9A3E9}
		{01ACE318-6D31-4533-A265-CE7DC2816943} = {6E87A606-4408-46F7-8011-E0C69470AFF5}
		{EE821984-8F03-47FE-9754-D12548F6660A} = {380C44FE-5BEC-475D-BEFA-D53AEB97B145}
		{A9D677DE-EA60-4029-8B10-3F68A888FAEF} = {EE821984-8F03-47FE-9754-D12548F6660A}
		{A85E6152-1BBD-48B1-82BB-F43B0FC49535} = {EE821984-8F03-47FE-9754-D12548F6660A}
		{07F0217A-47EC-48D3-8C7B-53790F1A6902} = {EE821984-8F03-47FE-9754-D12548F6660A}
		{CE2A3688-5384-4398-92F2-CC8A369CC703} = {EE821984-8F03-47FE-9754-D12548F6660A}
		{D2EF5A8B-29D2-4B27-9CC0-E0E32633B3EC} = {380C44FE-5BEC-475D-BEFA-D53AEB97B145}
		{69EC65A5-CB3D-4179-B8DF-AC7B610F4D7F} = {D2EF5A8B-29D2-4B27-9CC0-E0E32633B3EC}
		{BAC0C5BF-DE2C-4310-93A3-1E6E5A8B52EE} = {D2EF5A8B-29D2-4B27-9CC0-E0E32633B3EC}
		{D1F3417F-6E34-4DC1-A469-0412571FD2F6} = {D2EF5A8B-29D2-4B27-9CC0-E0E32633B3EC}
		{3660D9FA-E164-495C-BCF3-72AC36D49B93} = {D2EF5A8B-29D2-4B27-9CC0-E0E32633B3EC}
		{564877A1-7476-427E-87AF-10062BAAA835} = {380C44FE-5BEC-475D-BEFA-D53AEB97B145}
		{8C2BEC2D-48B3-4980-8AB1-A6894E40FB95} = {564877A1-7476-427E-87AF-10062BAAA835}
		{21B41AA9-1CDD-4F4B-AD0F-7DA360912F40} = {564877A1-7476-427E-87AF-10062BAAA835}
		{4BF626D3-862E-4360-A416-A84C5CC2B060} = {564877A1-7476-427E-87AF-10062BAAA835}
		{3A2F66E3-F693-4374-926A-BC3DF4ED04E9} = {564877A1-7476-427E-87AF-10062BAAA835}
		{C95497DF-8323-426B-B2D3-9291A58EF132} = {380C44FE-5BEC-475D-BEFA-D53AEB97B145}
		{659324B0-38BD-4EB1-BCE8-BB9DCE5A8D3C} = {C95497DF-8323-426B-B2D3-9291A58EF132}
		{CFA9A69C-76C6-4642-B417-4477BD202BF2} = {C95497DF-8323-426B-B2D3-9291A58EF132}
		{3E07D318-CEB6-4998-9222-763A05EFF9C3} = {C95497DF-8323-426B-B2D3-9291A58EF132}
		{13B4E867-8590-4C8B-B77C-DD8306A70FEB} = {C95497DF-8323-426B-B2D3-9291A58EF132}
		{EDE9FBB0-601B-45CE-8AC5-900D6E48C0D8} = {380C44FE-5BEC-475D-BEFA-D53AEB97B145}
		{D79BE7A1-C434-4F74-884A-48D30BD45ED7} = {380C44FE-5BEC-475D-BEFA-D53AEB97B145}
		{AA7DAF02-47C6-4E38-898A-C4F13F4F2954} = {D79BE7A1-C434-4F74-884A-48D30BD45ED7}
		{DC561131-B34A-4F38-9945-8AE33A20E574} = {D79BE7A1-C434-4F74-884A-48D30BD45ED7}
		{E9EEC28D-950E-4823-B797-13C9ED38A6B7} = {74F3AB29-A44A-4877-87D3-8B41FBBE6679}
		{B77170CA-264B-4368-8A9B-D645E4ECEEA4} = {74F3AB29-A44A-4877-87D3-8B41FBBE6679}
		{CAAAAA66-CED2-4C12-8484-A15609A58A79} = {74F3AB29-A44A-4877-87D3-8B41FBBE6679}
		{64020995-361E-4002-A06F-EFC13D227565} = {74F3AB29-A44A-4877-87D3-8B41FBBE6679}
		{4F946192-D06C-47FC-AE08-B69A7BB29EC9} = {D54E378F-90F7-4A57-B8AF-E5FE10B9A3E9}
		{AA9D8E23-6517-4D90-8C2D-D0C297D373D2} = {380C44FE-5BEC-475D-BEFA-D53AEB97B145}
		{16636C80-B001-4B52-9DD6-89749239AAD8} = {380C44FE-5BEC-475D-BEFA-D53AEB97B145}
		{89ABB6BC-8225-49E7-8C4C-F76FA577EAC0} = {380C44FE-5BEC-475D-BEFA-D53AEB97B145}
		{B45F62EB-BA96-4820-BAF4-FBE228BD0CEF} = {380C44FE-5BEC-475D-BEFA-D53AEB97B145}
		{72E3CE61-EFC5-4EF5-ADCF-179E812BF056} = {4F946192-D06C-47FC-AE08-B69A7BB29EC9}
		{B3630F25-0A0B-468A-BF6B-A40608223C3C} = {D54E378F-90F7-4A57-B8AF-E5FE10B9A3E9}
		{F1A2DB4A-7988-4DA5-B8EA-443E805079D2} = {B3630F25-0A0B-468A-BF6B-A40608223C3C}
		{97ABFC0A-9AF9-4692-8D54-19B652EDF92E} = {B3630F25-0A0B-468A-BF6B-A40608223C3C}
		{BC99CDC8-285E-4252-A86A-2F682A3AEC94} = {B3630F25-0A0B-468A-BF6B-A40608223C3C}
		{E9DE26C7-A6AC-4BB5-8A14-C44C6BA30F6E} = {B3630F25-0A0B-468A-BF6B-A40608223C3C}
		{4E4CEFE0-5DFF-44BC-AC27-485A9D4D207C} = {B3630F25-0A0B-468A-BF6B-A40608223C3C}
		{598E77ED-C427-4432-BE8B-18D312240B96} = {D54E378F-90F7-4A57-B8AF-E5FE10B9A3E9}
		{C6865217-53DD-4115-B779-0C0CC3E75F36} = {598E77ED-C427-4432-BE8B-18D312240B96}
		{BCB5B5A4-E23C-415F-8C38-2F5D04A2A8B4} = {598E77ED-C427-4432-BE8B-18D312240B96}
		{FF62819C-4444-429D-93C5-D7F0CE771976} = {598E77ED-C427-4432-BE8B-18D312240B96}
		{5EDA7931-3828-47C0-A486-CAE63434839C} = {598E77ED-C427-4432-BE8B-18D312240B96}
		{B0EFFF31-9C21-4364-965D-D0529FF4A32A} = {598E77ED-C427-4432-BE8B-18D312240B96}
		{CFAE4374-5F5E-4F2A-8013-A5CD39DAA52F} = {598E77ED-C427-4432-BE8B-18D312240B96}
		{F061792A-2E03-4780-BE45-D7E2B07EFB99} = {598E77ED-C427-4432-BE8B-18D312240B96}
		{282050A4-E835-4AF7-8FFA-0655606D89C6} = {380C44FE-5BEC-475D-BEFA-D53AEB97B145}
		{15AEB3B7-DE12-4922-8957-CE0B66103083} = {380C44FE-5BEC-475D-BEFA-D53AEB97B145}
		{D4602F12-ED5E-4005-AD22-602877B075A6} = {D2EF5A8B-29D2-4B27-9CC0-E0E32633B3EC}
	EndGlobalSection
	GlobalSection(ExtensibilityGlobals) = postSolution
		SolutionGuid = {D9778440-A1CB-4A6C-9B09-1AEA02F10A5C}
	EndGlobalSection
EndGlobal
